// !$*UTF8*$!
{
	archiveVersion = 1;
	classes = {
	};
	objectVersion = 46;
	objects = {

/* Begin PBXBuildFile section */
		D690B7E4198344780080E0B5 /* Foundation.framework in Frameworks */ = {isa = PBXBuildFile; fileRef = D690B7E3198344780080E0B5 /* Foundation.framework */; };
		D690B7E6198344780080E0B5 /* CoreGraphics.framework in Frameworks */ = {isa = PBXBuildFile; fileRef = D690B7E5198344780080E0B5 /* CoreGraphics.framework */; };
		D690B7E8198344780080E0B5 /* UIKit.framework in Frameworks */ = {isa = PBXBuildFile; fileRef = D690B7E7198344780080E0B5 /* UIKit.framework */; };
		D690B7EE198344780080E0B5 /* InfoPlist.strings in Resources */ = {isa = PBXBuildFile; fileRef = D690B7EC198344780080E0B5 /* InfoPlist.strings */; };
		D690B7F0198344780080E0B5 /* main.m in Sources */ = {isa = PBXBuildFile; fileRef = D690B7EF198344780080E0B5 /* main.m */; };
		D690B7F4198344780080E0B5 /* AppDelegate.m in Sources */ = {isa = PBXBuildFile; fileRef = D690B7F3198344780080E0B5 /* AppDelegate.m */; };
		D690B7F7198344780080E0B5 /* Main.storyboard in Resources */ = {isa = PBXBuildFile; fileRef = D690B7F5198344780080E0B5 /* Main.storyboard */; };
		D690B7FA198344780080E0B5 /* ViewController.m in Sources */ = {isa = PBXBuildFile; fileRef = D690B7F9198344780080E0B5 /* ViewController.m */; };
		D690B7FC198344780080E0B5 /* Images.xcassets in Resources */ = {isa = PBXBuildFile; fileRef = D690B7FB198344780080E0B5 /* Images.xcassets */; };
		D690B803198344780080E0B5 /* XCTest.framework in Frameworks */ = {isa = PBXBuildFile; fileRef = D690B802198344780080E0B5 /* XCTest.framework */; };
		D690B804198344780080E0B5 /* Foundation.framework in Frameworks */ = {isa = PBXBuildFile; fileRef = D690B7E3198344780080E0B5 /* Foundation.framework */; };
		D690B805198344780080E0B5 /* UIKit.framework in Frameworks */ = {isa = PBXBuildFile; fileRef = D690B7E7198344780080E0B5 /* UIKit.framework */; };
		D690B80D198344780080E0B5 /* InfoPlist.strings in Resources */ = {isa = PBXBuildFile; fileRef = D690B80B198344780080E0B5 /* InfoPlist.strings */; };
		D690B80F198344780080E0B5 /* DESThreeTestTests.m in Sources */ = {isa = PBXBuildFile; fileRef = D690B80E198344780080E0B5 /* DESThreeTestTests.m */; };
		D690B81A198346AB0080E0B5 /* DES3Util.m in Sources */ = {isa = PBXBuildFile; fileRef = D690B819198346AB0080E0B5 /* DES3Util.m */; };
		D690B81E19834B7D0080E0B5 /* GTMBase64.m in Sources */ = {isa = PBXBuildFile; fileRef = D690B81C19834B7D0080E0B5 /* GTMBase64.m */; settings = {COMPILER_FLAGS = "-fno-objc-arc"; }; };
/* End PBXBuildFile section */

/* Begin PBXContainerItemProxy section */
		D690B806198344780080E0B5 /* PBXContainerItemProxy */ = {
			isa = PBXContainerItemProxy;
			containerPortal = D690B7D8198344780080E0B5 /* Project object */;
			proxyType = 1;
			remoteGlobalIDString = D690B7DF198344780080E0B5;
			remoteInfo = DESThreeTest;
		};
/* End PBXContainerItemProxy section */

/* Begin PBXFileReference section */
		D690B7E0198344780080E0B5 /* DESThreeTest.app */ = {isa = PBXFileReference; explicitFileType = wrapper.application; includeInIndex = 0; path = DESThreeTest.app; sourceTree = BUILT_PRODUCTS_DIR; };
		D690B7E3198344780080E0B5 /* Foundation.framework */ = {isa = PBXFileReference; lastKnownFileType = wrapper.framework; name = Foundation.framework; path = System/Library/Frameworks/Foundation.framework; sourceTree = SDKROOT; };
		D690B7E5198344780080E0B5 /* CoreGraphics.framework */ = {isa = PBXFileReference; lastKnownFileType = wrapper.framework; name = CoreGraphics.framework; path = System/Library/Frameworks/CoreGraphics.framework; sourceTree = SDKROOT; };
		D690B7E7198344780080E0B5 /* UIKit.framework */ = {isa = PBXFileReference; lastKnownFileType = wrapper.framework; name = UIKit.framework; path = System/Library/Frameworks/UIKit.framework; sourceTree = SDKROOT; };
		D690B7EB198344780080E0B5 /* DESThreeTest-Info.plist */ = {isa = PBXFileReference; lastKnownFileType = text.plist.xml; path = "DESThreeTest-Info.plist"; sourceTree = "<group>"; };
		D690B7ED198344780080E0B5 /* en */ = {isa = PBXFileReference; lastKnownFileType = text.plist.strings; name = en; path = en.lproj/InfoPlist.strings; sourceTree = "<group>"; };
		D690B7EF198344780080E0B5 /* main.m */ = {isa = PBXFileReference; lastKnownFileType = sourcecode.c.objc; path = main.m; sourceTree = "<group>"; };
		D690B7F1198344780080E0B5 /* DESThreeTest-Prefix.pch */ = {isa = PBXFileReference; lastKnownFileType = sourcecode.c.h; path = "DESThreeTest-Prefix.pch"; sourceTree = "<group>"; };
		D690B7F2198344780080E0B5 /* AppDelegate.h */ = {isa = PBXFileReference; lastKnownFileType = sourcecode.c.h; path = AppDelegate.h; sourceTree = "<group>"; };
		D690B7F3198344780080E0B5 /* AppDelegate.m */ = {isa = PBXFileReference; lastKnownFileType = sourcecode.c.objc; path = AppDelegate.m; sourceTree = "<group>"; };
		D690B7F6198344780080E0B5 /* Base */ = {isa = PBXFileReference; lastKnownFileType = file.storyboard; name = Base; path = Base.lproj/Main.storyboard; sourceTree = "<group>"; };
		D690B7F8198344780080E0B5 /* ViewController.h */ = {isa = PBXFileReference; lastKnownFileType = sourcecode.c.h; path = ViewController.h; sourceTree = "<group>"; };
		D690B7F9198344780080E0B5 /* ViewController.m */ = {isa = PBXFileReference; lastKnownFileType = sourcecode.c.objc; path = ViewController.m; sourceTree = "<group>"; };
		D690B7FB198344780080E0B5 /* Images.xcassets */ = {isa = PBXFileReference; lastKnownFileType = folder.assetcatalog; path = Images.xcassets; sourceTree = "<group>"; };
		D690B801198344780080E0B5 /* DESThreeTestTests.xctest */ = {isa = PBXFileReference; explicitFileType = wrapper.cfbundle; includeInIndex = 0; path = DESThreeTestTests.xctest; sourceTree = BUILT_PRODUCTS_DIR; };
		D690B802198344780080E0B5 /* XCTest.framework */ = {isa = PBXFileReference; lastKnownFileType = wrapper.framework; name = XCTest.framework; path = Library/Frameworks/XCTest.framework; sourceTree = DEVELOPER_DIR; };
		D690B80A198344780080E0B5 /* DESThreeTestTests-Info.plist */ = {isa = PBXFileReference; lastKnownFileType = text.plist.xml; path = "DESThreeTestTests-Info.plist"; sourceTree = "<group>"; };
		D690B80C198344780080E0B5 /* en */ = {isa = PBXFileReference; lastKnownFileType = text.plist.strings; name = en; path = en.lproj/InfoPlist.strings; sourceTree = "<group>"; };
		D690B80E198344780080E0B5 /* DESThreeTestTests.m */ = {isa = PBXFileReference; lastKnownFileType = sourcecode.c.objc; path = DESThreeTestTests.m; sourceTree = "<group>"; };
		D690B818198346AB0080E0B5 /* DES3Util.h */ = {isa = PBXFileReference; fileEncoding = 4; lastKnownFileType = sourcecode.c.h; path = DES3Util.h; sourceTree = "<group>"; };
		D690B819198346AB0080E0B5 /* DES3Util.m */ = {isa = PBXFileReference; fileEncoding = 4; lastKnownFileType = sourcecode.c.objc; path = DES3Util.m; sourceTree = "<group>"; };
		D690B81B19834B7D0080E0B5 /* GTMBase64.h */ = {isa = PBXFileReference; fileEncoding = 4; lastKnownFileType = sourcecode.c.h; path = GTMBase64.h; sourceTree = "<group>"; };
		D690B81C19834B7D0080E0B5 /* GTMBase64.m */ = {isa = PBXFileReference; fileEncoding = 4; lastKnownFileType = sourcecode.c.objc; path = GTMBase64.m; sourceTree = "<group>"; };
		D690B81D19834B7D0080E0B5 /* GTMDefines.h */ = {isa = PBXFileReference; fileEncoding = 4; lastKnownFileType = sourcecode.c.h; path = GTMDefines.h; sourceTree = "<group>"; };
/* End PBXFileReference section */

/* Begin PBXFrameworksBuildPhase section */
		D690B7DD198344780080E0B5 /* Frameworks */ = {
			isa = PBXFrameworksBuildPhase;
			buildActionMask = 2147483647;
			files = (
				D690B7E6198344780080E0B5 /* CoreGraphics.framework in Frameworks */,
				D690B7E8198344780080E0B5 /* UIKit.framework in Frameworks */,
				D690B7E4198344780080E0B5 /* Foundation.framework in Frameworks */,
			);
			runOnlyForDeploymentPostprocessing = 0;
		};
		D690B7FE198344780080E0B5 /* Frameworks */ = {
			isa = PBXFrameworksBuildPhase;
			buildActionMask = 2147483647;
			files = (
				D690B803198344780080E0B5 /* XCTest.framework in Frameworks */,
				D690B805198344780080E0B5 /* UIKit.framework in Frameworks */,
				D690B804198344780080E0B5 /* Foundation.framework in Frameworks */,
			);
			runOnlyForDeploymentPostprocessing = 0;
		};
/* End PBXFrameworksBuildPhase section */

/* Begin PBXGroup section */
		D690B7D7198344780080E0B5 = {
			isa = PBXGroup;
			children = (
				D690B7E9198344780080E0B5 /* DESThreeTest */,
				D690B808198344780080E0B5 /* DESThreeTestTests */,
				D690B7E2198344780080E0B5 /* Frameworks */,
				D690B7E1198344780080E0B5 /* Products */,
			);
			sourceTree = "<group>";
		};
		D690B7E1198344780080E0B5 /* Products */ = {
			isa = PBXGroup;
			children = (
				D690B7E0198344780080E0B5 /* DESThreeTest.app */,
				D690B801198344780080E0B5 /* DESThreeTestTests.xctest */,
			);
			name = Products;
			sourceTree = "<group>";
		};
		D690B7E2198344780080E0B5 /* Frameworks */ = {
			isa = PBXGroup;
			children = (
				D690B7E3198344780080E0B5 /* Foundation.framework */,
				D690B7E5198344780080E0B5 /* CoreGraphics.framework */,
				D690B7E7198344780080E0B5 /* UIKit.framework */,
				D690B802198344780080E0B5 /* XCTest.framework */,
			);
			name = Frameworks;
			sourceTree = "<group>";
		};
		D690B7E9198344780080E0B5 /* DESThreeTest */ = {
			isa = PBXGroup;
			children = (
				D690B81B19834B7D0080E0B5 /* GTMBase64.h */,
				D690B81C19834B7D0080E0B5 /* GTMBase64.m */,
				D690B81D19834B7D0080E0B5 /* GTMDefines.h */,
				D690B7F2198344780080E0B5 /* AppDelegate.h */,
				D690B7F3198344780080E0B5 /* AppDelegate.m */,
				D690B7F5198344780080E0B5 /* Main.storyboard */,
				D690B7F8198344780080E0B5 /* ViewController.h */,
				D690B7F9198344780080E0B5 /* ViewController.m */,
				D690B818198346AB0080E0B5 /* DES3Util.h */,
				D690B819198346AB0080E0B5 /* DES3Util.m */,
				D690B7FB198344780080E0B5 /* Images.xcassets */,
				D690B7EA198344780080E0B5 /* Supporting Files */,
			);
			path = DESThreeTest;
			sourceTree = "<group>";
		};
		D690B7EA198344780080E0B5 /* Supporting Files */ = {
			isa = PBXGroup;
			children = (
				D690B7EB198344780080E0B5 /* DESThreeTest-Info.plist */,
				D690B7EC198344780080E0B5 /* InfoPlist.strings */,
				D690B7EF198344780080E0B5 /* main.m */,
				D690B7F1198344780080E0B5 /* DESThreeTest-Prefix.pch */,
			);
			name = "Supporting Files";
			sourceTree = "<group>";
		};
		D690B808198344780080E0B5 /* DESThreeTestTests */ = {
			isa = PBXGroup;
			children = (
				D690B80E198344780080E0B5 /* DESThreeTestTests.m */,
				D690B809198344780080E0B5 /* Supporting Files */,
			);
			path = DESThreeTestTests;
			sourceTree = "<group>";
		};
		D690B809198344780080E0B5 /* Supporting Files */ = {
			isa = PBXGroup;
			children = (
				D690B80A198344780080E0B5 /* DESThreeTestTests-Info.plist */,
				D690B80B198344780080E0B5 /* InfoPlist.strings */,
			);
			name = "Supporting Files";
			sourceTree = "<group>";
		};
/* End PBXGroup section */

/* Begin PBXNativeTarget section */
		D690B7DF198344780080E0B5 /* DESThreeTest */ = {
			isa = PBXNativeTarget;
			buildConfigurationList = D690B812198344780080E0B5 /* Build configuration list for PBXNativeTarget "DESThreeTest" */;
			buildPhases = (
				D690B7DC198344780080E0B5 /* Sources */,
				D690B7DD198344780080E0B5 /* Frameworks */,
				D690B7DE198344780080E0B5 /* Resources */,
			);
			buildRules = (
			);
			dependencies = (
			);
			name = DESThreeTest;
			productName = DESThreeTest;
			productReference = D690B7E0198344780080E0B5 /* DESThreeTest.app */;
			productType = "com.apple.product-type.application";
		};
		D690B800198344780080E0B5 /* DESThreeTestTests */ = {
			isa = PBXNativeTarget;
			buildConfigurationList = D690B815198344780080E0B5 /* Build configuration list for PBXNativeTarget "DESThreeTestTests" */;
			buildPhases = (
				D690B7FD198344780080E0B5 /* Sources */,
				D690B7FE198344780080E0B5 /* Frameworks */,
				D690B7FF198344780080E0B5 /* Resources */,
			);
			buildRules = (
			);
			dependencies = (
				D690B807198344780080E0B5 /* PBXTargetDependency */,
			);
			name = DESThreeTestTests;
			productName = DESThreeTestTests;
			productReference = D690B801198344780080E0B5 /* DESThreeTestTests.xctest */;
			productType = "com.apple.product-type.bundle.unit-test";
		};
/* End PBXNativeTarget section */

/* Begin PBXProject section */
		D690B7D8198344780080E0B5 /* Project object */ = {
			isa = PBXProject;
			attributes = {
				LastUpgradeCheck = 0510;
				ORGANIZATIONNAME = "zhang alan";
				TargetAttributes = {
					D690B800198344780080E0B5 = {
						TestTargetID = D690B7DF198344780080E0B5;
					};
				};
			};
			buildConfigurationList = D690B7DB198344780080E0B5 /* Build configuration list for PBXProject "DESThreeTest" */;
			compatibilityVersion = "Xcode 3.2";
			developmentRegion = English;
			hasScannedForEncodings = 0;
			knownRegions = (
				en,
				Base,
			);
			mainGroup = D690B7D7198344780080E0B5;
			productRefGroup = D690B7E1198344780080E0B5 /* Products */;
			projectDirPath = "";
			projectRoot = "";
			targets = (
				D690B7DF198344780080E0B5 /* DESThreeTest */,
				D690B800198344780080E0B5 /* DESThreeTestTests */,
			);
		};
/* End PBXProject section */

/* Begin PBXResourcesBuildPhase section */
		D690B7DE198344780080E0B5 /* Resources */ = {
			isa = PBXResourcesBuildPhase;
			buildActionMask = 2147483647;
			files = (
				D690B7FC198344780080E0B5 /* Images.xcassets in Resources */,
				D690B7EE198344780080E0B5 /* InfoPlist.strings in Resources */,
				D690B7F7198344780080E0B5 /* Main.storyboard in Resources */,
			);
			runOnlyForDeploymentPostprocessing = 0;
		};
		D690B7FF198344780080E0B5 /* Resources */ = {
			isa = PBXResourcesBuildPhase;
			buildActionMask = 2147483647;
			files = (
				D690B80D198344780080E0B5 /* InfoPlist.strings in Resources */,
			);
			runOnlyForDeploymentPostprocessing = 0;
		};
/* End PBXResourcesBuildPhase section */

/* Begin PBXSourcesBuildPhase section */
		D690B7DC198344780080E0B5 /* Sources */ = {
			isa = PBXSourcesBuildPhase;
			buildActionMask = 2147483647;
			files = (
				D690B7FA198344780080E0B5 /* ViewController.m in Sources */,
				D690B7F4198344780080E0B5 /* AppDelegate.m in Sources */,
				D690B81E19834B7D0080E0B5 /* GTMBase64.m in Sources */,
				D690B81A198346AB0080E0B5 /* DES3Util.m in Sources */,
				D690B7F0198344780080E0B5 /* main.m in Sources */,
			);
			runOnlyForDeploymentPostprocessing = 0;
		};
		D690B7FD198344780080E0B5 /* Sources */ = {
			isa = PBXSourcesBuildPhase;
			buildActionMask = 2147483647;
			files = (
				D690B80F198344780080E0B5 /* DESThreeTestTests.m in Sources */,
			);
			runOnlyForDeploymentPostprocessing = 0;
		};
/* End PBXSourcesBuildPhase section */

/* Begin PBXTargetDependency section */
		D690B807198344780080E0B5 /* PBXTargetDependency */ = {
			isa = PBXTargetDependency;
			target = D690B7DF198344780080E0B5 /* DESThreeTest */;
			targetProxy = D690B806198344780080E0B5 /* PBXContainerItemProxy */;
		};
/* End PBXTargetDependency section */

/* Begin PBXVariantGroup section */
		D690B7EC198344780080E0B5 /* InfoPlist.strings */ = {
			isa = PBXVariantGroup;
			children = (
				D690B7ED198344780080E0B5 /* en */,
			);
			name = InfoPlist.strings;
			sourceTree = "<group>";
		};
		D690B7F5198344780080E0B5 /* Main.storyboard */ = {
			isa = PBXVariantGroup;
			children = (
				D690B7F6198344780080E0B5 /* Base */,
			);
			name = Main.storyboard;
			sourceTree = "<group>";
		};
		D690B80B198344780080E0B5 /* InfoPlist.strings */ = {
			isa = PBXVariantGroup;
			children = (
				D690B80C198344780080E0B5 /* en */,
			);
			name = InfoPlist.strings;
			sourceTree = "<group>";
		};
/* End PBXVariantGroup section */

/* Begin XCBuildConfiguration section */
		D690B810198344780080E0B5 /* Debug */ = {
			isa = XCBuildConfiguration;
			buildSettings = {
				ALWAYS_SEARCH_USER_PATHS = NO;
				CLANG_CXX_LANGUAGE_STANDARD = "gnu++0x";
				CLANG_CXX_LIBRARY = "libc++";
				CLANG_ENABLE_MODULES = YES;
				CLANG_ENABLE_OBJC_ARC = YES;
				CLANG_WARN_BOOL_CONVERSION = YES;
				CLANG_WARN_CONSTANT_CONVERSION = YES;
				CLANG_WARN_DIRECT_OBJC_ISA_USAGE = YES_ERROR;
				CLANG_WARN_EMPTY_BODY = YES;
				CLANG_WARN_ENUM_CONVERSION = YES;
				CLANG_WARN_INT_CONVERSION = YES;
				CLANG_WARN_OBJC_ROOT_CLASS = YES_ERROR;
				CLANG_WARN__DUPLICATE_METHOD_MATCH = YES;
				"CODE_SIGN_IDENTITY[sdk=iphoneos*]" = "iPhone Developer";
				COPY_PHASE_STRIP = NO;
				GCC_C_LANGUAGE_STANDARD = gnu99;
				GCC_DYNAMIC_NO_PIC = NO;
				GCC_OPTIMIZATION_LEVEL = 0;
				GCC_PREPROCESSOR_DEFINITIONS = (
					"DEBUG=1",
					"$(inherited)",
				);
				GCC_SYMBOLS_PRIVATE_EXTERN = NO;
				GCC_WARN_64_TO_32_BIT_CONVERSION = YES;
				GCC_WARN_ABOUT_RETURN_TYPE = YES_ERROR;
				GCC_WARN_UNDECLARED_SELECTOR = YES;
				GCC_WARN_UNINITIALIZED_AUTOS = YES_AGGRESSIVE;
				GCC_WARN_UNUSED_FUNCTION = YES;
				GCC_WARN_UNUSED_VARIABLE = YES;
				IPHONEOS_DEPLOYMENT_TARGET = 7.1;
				ONLY_ACTIVE_ARCH = YES;
				SDKROOT = iphoneos;
			};
			name = Debug;
		};
		D690B811198344780080E0B5 /* Release */ = {
			isa = XCBuildConfiguration;
			buildSettings = {
				ALWAYS_SEARCH_USER_PATHS = NO;
				CLANG_CXX_LANGUAGE_STANDARD = "gnu++0x";
				CLANG_CXX_LIBRARY = "libc++";
				CLANG_ENABLE_MODULES = YES;
				CLANG_ENABLE_OBJC_ARC = YES;
				CLANG_WARN_BOOL_CONVERSION = YES;
				CLANG_WARN_CONSTANT_CONVERSION = YES;
				CLANG_WARN_DIRECT_OBJC_ISA_USAGE = YES_ERROR;
				CLANG_WARN_EMPTY_BODY = YES;
				CLANG_WARN_ENUM_CONVERSION = YES;
				CLANG_WARN_INT_CONVERSION = YES;
				CLANG_WARN_OBJC_ROOT_CLASS = YES_ERROR;
				CLANG_WARN__DUPLICATE_METHOD_MATCH = YES;
				"CODE_SIGN_IDENTITY[sdk=iphoneos*]" = "iPhone Developer";
				COPY_PHASE_STRIP = YES;
				ENABLE_NS_ASSERTIONS = NO;
				GCC_C_LANGUAGE_STANDARD = gnu99;
				GCC_WARN_64_TO_32_BIT_CONVERSION = YES;
				GCC_WARN_ABOUT_RETURN_TYPE = YES_ERROR;
				GCC_WARN_UNDECLARED_SELECTOR = YES;
				GCC_WARN_UNINITIALIZED_AUTOS = YES_AGGRESSIVE;
				GCC_WARN_UNUSED_FUNCTION = YES;
				GCC_WARN_UNUSED_VARIABLE = YES;
				IPHONEOS_DEPLOYMENT_TARGET = 7.1;
				SDKROOT = iphoneos;
				VALIDATE_PRODUCT = YES;
			};
			name = Release;
		};
		D690B813198344780080E0B5 /* Debug */ = {
			isa = XCBuildConfiguration;
			buildSettings = {
				ASSETCATALOG_COMPILER_APPICON_NAME = AppIcon;
				ASSETCATALOG_COMPILER_LAUNCHIMAGE_NAME = LaunchImage;
				GCC_PRECOMPILE_PREFIX_HEADER = YES;
				GCC_PREFIX_HEADER = "DESThreeTest/DESThreeTest-Prefix.pch";
				INFOPLIST_FILE = "DESThreeTest/DESThreeTest-Info.plist";
				PRODUCT_NAME = "$(TARGET_NAME)";
				WRAPPER_EXTENSION = app;
			};
			name = Debug;
		};
		D690B814198344780080E0B5 /* Release */ = {
			isa = XCBuildConfiguration;
			buildSettings = {
				ASSETCATALOG_COMPILER_APPICON_NAME = AppIcon;
				ASSETCATALOG_COMPILER_LAUNCHIMAGE_NAME = LaunchImage;
				GCC_PRECOMPILE_PREFIX_HEADER = YES;
				GCC_PREFIX_HEADER = "DESThreeTest/DESThreeTest-Prefix.pch";
				INFOPLIST_FILE = "DESThreeTest/DESThreeTest-Info.plist";
				PRODUCT_NAME = "$(TARGET_NAME)";
				WRAPPER_EXTENSION = app;
			};
			name = Release;
		};
		D690B816198344780080E0B5 /* Debug */ = {
			isa = XCBuildConfiguration;
			buildSettings = {
				BUNDLE_LOADER = "$(BUILT_PRODUCTS_DIR)/DESThreeTest.app/DESThreeTest";
				FRAMEWORK_SEARCH_PATHS = (
					"$(SDKROOT)/Developer/Library/Frameworks",
					"$(inherited)",
					"$(DEVELOPER_FRAMEWORKS_DIR)",
				);
				GCC_PRECOMPILE_PREFIX_HEADER = YES;
				GCC_PREFIX_HEADER = "DESThreeTest/DESThreeTest-Prefix.pch";
				GCC_PREPROCESSOR_DEFINITIONS = (
					"DEBUG=1",
					"$(inherited)",
				);
				INFOPLIST_FILE = "DESThreeTestTests/DESThreeTestTests-Info.plist";
				PRODUCT_NAME = "$(TARGET_NAME)";
				TEST_HOST = "$(BUNDLE_LOADER)";
				WRAPPER_EXTENSION = xctest;
			};
			name = Debug;
		};
		D690B817198344780080E0B5 /* Release */ = {
			isa = XCBuildConfiguration;
			buildSettings = {
				BUNDLE_LOADER = "$(BUILT_PRODUCTS_DIR)/DESThreeTest.app/DESThreeTest";
				FRAMEWORK_SEARCH_PATHS = (
					"$(SDKROOT)/Developer/Library/Frameworks",
					"$(inherited)",
					"$(DEVELOPER_FRAMEWORKS_DIR)",
				);
				GCC_PRECOMPILE_PREFIX_HEADER = YES;
				GCC_PREFIX_HEADER = "DESThreeTest/DESThreeTest-Prefix.pch";
				INFOPLIST_FILE = "DESThreeTestTests/DESThreeTestTests-Info.plist";
				PRODUCT_NAME = "$(TARGET_NAME)";
				TEST_HOST = "$(BUNDLE_LOADER)";
				WRAPPER_EXTENSION = xctest;
			};
			name = Release;
		};
/* End XCBuildConfiguration section */

/* Begin XCConfigurationList section */
		D690B7DB198344780080E0B5 /* Build configuration list for PBXProject "DESThreeTest" */ = {
			isa = XCConfigurationList;
			buildConfigurations = (
				D690B810198344780080E0B5 /* Debug */,
				D690B811198344780080E0B5 /* Release */,
			);
			defaultConfigurationIsVisible = 0;
			defaultConfigurationName = Release;
		};
		D690B812198344780080E0B5 /* Build configuration list for PBXNativeTarget "DESThreeTest" */ = {
			isa = XCConfigurationList;
			buildConfigurations = (
				D690B813198344780080E0B5 /* Debug */,
				D690B814198344780080E0B5 /* Release */,
			);
			defaultConfigurationIsVisible = 0;
			defaultConfigurationName = Release;
		};
		D690B815198344780080E0B5 /* Build configuration list for PBXNativeTarget "DESThreeTestTests" */ = {
			isa = XCConfigurationList;
			buildConfigurations = (
				D690B816198344780080E0B5 /* Debug */,
				D690B817198344780080E0B5 /* Release */,
			);
			defaultConfigurationIsVisible = 0;
			defaultConfigurationName = Release;
		};
/* End XCConfigurationList section */
	};
	rootObject = D690B7D8198344780080E0B5 /* Project object */;
}
